
Microsoft Visual Studio Solution File, Format Version 12.00
# Visual Studio Version 16
VisualStudioVersion = 16.0.29102.190
MinimumVisualStudioVersion = 10.0.40219.1
Project("{FAE04EC0-301F-11D3-BF4B-00C04F79EFBC}") = "ContainerizedWebJob", "ContainerizedWebJob.csproj", "{016C8F67-83FA-4FFA-916E-DFC8CDFE33C1}"
EndProject
Global
	GlobalSection(SolutionConfigurationPlatforms) = preSolution
		Debug|Any CPU = Debug|Any CPU
		Release|Any CPU = Release|Any CPU
	EndGlobalSection
	GlobalSection(ProjectConfigurationPlatforms) = postSolution
		{016C8F67-83FA-4FFA-916E-DFC8CDFE33C1}.Debug|Any CPU.ActiveCfg = Debug|Any CPU
		{016C8F67-83FA-4FFA-916E-DFC8CDFE33C1}.Debug|Any CPU.Build.0 = Debug|Any CPU
		{016C8F67-83FA-4FFA-916E-DFC8CDFE33C1}.Release|Any CPU.ActiveCfg = Release|Any CPU
		{016C8F67-83FA-4FFA-916E-DFC8CDFE33C1}.Release|Any CPU.Build.0 = Release|Any CPU
	EndGlobalSection
	GlobalSection(SolutionProperties) = preSolution
		HideSolutionNode = FALSE
	EndGlobalSection
	GlobalSection(ExtensibilityGlobals) = postSolution
		SolutionGuid = {CEE8DB77-B63F-4DAE-BBA4-C3E7DFB502B2}
	EndGlobalSection
EndGlobal
